<Solution>
  <Project Path="shopConsole/shopConsole.csproj" Id="75fe5f02-61e1-4ede-a0b6-5da0fd04b0f0" />
  <Project Path="shopDAL/shopDAL_EF.csproj" Id="da85e831-a069-4583-8fb6-523cc3862ee7" />
  <Project Path="shopDTO/shopDTO.csproj" Id="a227d8a2-049f-4de6-a503-f180b376d3da" />
  <Project Path="shopTests/shopTests.csproj" Id="d1e3ab43-fd2a-451c-8b30-9406f71dd488" />
</Solution>
